// !$*UTF8*$!
{
	archiveVersion = 1;
	classes = {
	};
	objectVersion = 50;
	objects = {

/* Begin PBXBuildFile section */
		6248E1E3207EFC0A00EC852F /* LeftMenuViewController.swift in Sources */ = {isa = PBXBuildFile; fileRef = 6248E1E2207EFC0A00EC852F /* LeftMenuViewController.swift */; };
		6248E1E5207EFC2300EC852F /* HomeViewController.swift in Sources */ = {isa = PBXBuildFile; fileRef = 6248E1E4207EFC2300EC852F /* HomeViewController.swift */; };
		6248E1E7207F004300EC852F /* Protocols.swift in Sources */ = {isa = PBXBuildFile; fileRef = 6248E1E6207F004300EC852F /* Protocols.swift */; };
		628D8BAA20804EEA00ABB8BD /* UIViewExt.swift in Sources */ = {isa = PBXBuildFile; fileRef = 628D8BA920804EEA00ABB8BD /* UIViewExt.swift */; };
		62F9143D207DF18700260EED /* AppDelegate.swift in Sources */ = {isa = PBXBuildFile; fileRef = 62F9143C207DF18700260EED /* AppDelegate.swift */; };
		62F9143F207DF18700260EED /* ContainerVC.swift in Sources */ = {isa = PBXBuildFile; fileRef = 62F9143E207DF18700260EED /* ContainerVC.swift */; };
		62F91442207DF18700260EED /* Main.storyboard in Resources */ = {isa = PBXBuildFile; fileRef = 62F91440207DF18700260EED /* Main.storyboard */; };
		62F91444207DF18800260EED /* Assets.xcassets in Resources */ = {isa = PBXBuildFile; fileRef = 62F91443207DF18800260EED /* Assets.xcassets */; };
		62F91447207DF18800260EED /* LaunchScreen.storyboard in Resources */ = {isa = PBXBuildFile; fileRef = 62F91445207DF18800260EED /* LaunchScreen.storyboard */; };
/* End PBXBuildFile section */

/* Begin PBXFileReference section */
		6248E1E2207EFC0A00EC852F /* LeftMenuViewController.swift */ = {isa = PBXFileReference; lastKnownFileType = sourcecode.swift; path = LeftMenuViewController.swift; sourceTree = "<group>"; };
		6248E1E4207EFC2300EC852F /* HomeViewController.swift */ = {isa = PBXFileReference; lastKnownFileType = sourcecode.swift; path = HomeViewController.swift; sourceTree = "<group>"; };
		6248E1E6207F004300EC852F /* Protocols.swift */ = {isa = PBXFileReference; lastKnownFileType = sourcecode.swift; path = Protocols.swift; sourceTree = "<group>"; };
		628D8BA920804EEA00ABB8BD /* UIViewExt.swift */ = {isa = PBXFileReference; lastKnownFileType = sourcecode.swift; path = UIViewExt.swift; sourceTree = "<group>"; };
		62F91439207DF18700260EED /* SlideMenu.app */ = {isa = PBXFileReference; explicitFileType = wrapper.application; includeInIndex = 0; path = SlideMenu.app; sourceTree = BUILT_PRODUCTS_DIR; };
		62F9143C207DF18700260EED /* AppDelegate.swift */ = {isa = PBXFileReference; lastKnownFileType = sourcecode.swift; path = AppDelegate.swift; sourceTree = "<group>"; };
		62F9143E207DF18700260EED /* ContainerVC.swift */ = {isa = PBXFileReference; lastKnownFileType = sourcecode.swift; path = ContainerVC.swift; sourceTree = "<group>"; };
		62F91441207DF18700260EED /* Base */ = {isa = PBXFileReference; lastKnownFileType = file.storyboard; name = Base; path = Base.lproj/Main.storyboard; sourceTree = "<group>"; };
		62F91443207DF18800260EED /* Assets.xcassets */ = {isa = PBXFileReference; lastKnownFileType = folder.assetcatalog; path = Assets.xcassets; sourceTree = "<group>"; };
		62F91446207DF18800260EED /* Base */ = {isa = PBXFileReference; lastKnownFileType = file.storyboard; name = Base; path = Base.lproj/LaunchScreen.storyboard; sourceTree = "<group>"; };
		62F91448207DF18800260EED /* Info.plist */ = {isa = PBXFileReference; lastKnownFileType = text.plist.xml; path = Info.plist; sourceTree = "<group>"; };
/* End PBXFileReference section */

/* Begin PBXFrameworksBuildPhase section */
		62F91436207DF18700260EED /* Frameworks */ = {
			isa = PBXFrameworksBuildPhase;
			buildActionMask = 2147483647;
			files = (
			);
			runOnlyForDeploymentPostprocessing = 0;
		};
/* End PBXFrameworksBuildPhase section */

/* Begin PBXGroup section */
		62F91430207DF18700260EED = {
			isa = PBXGroup;
			children = (
				62F9143B207DF18700260EED /* SlideMenu */,
				62F9143A207DF18700260EED /* Products */,
			);
			sourceTree = "<group>";
		};
		62F9143A207DF18700260EED /* Products */ = {
			isa = PBXGroup;
			children = (
				62F91439207DF18700260EED /* SlideMenu.app */,
			);
			name = Products;
			sourceTree = "<group>";
		};
		62F9143B207DF18700260EED /* SlideMenu */ = {
			isa = PBXGroup;
			children = (
				62F9143C207DF18700260EED /* AppDelegate.swift */,
				62F9143E207DF18700260EED /* ContainerVC.swift */,
				628D8BA920804EEA00ABB8BD /* UIViewExt.swift */,
				62F91440207DF18700260EED /* Main.storyboard */,
				6248E1E2207EFC0A00EC852F /* LeftMenuViewController.swift */,
				6248E1E4207EFC2300EC852F /* HomeViewController.swift */,
				6248E1E6207F004300EC852F /* Protocols.swift */,
				62F91443207DF18800260EED /* Assets.xcassets */,
				62F91445207DF18800260EED /* LaunchScreen.storyboard */,
				62F91448207DF18800260EED /* Info.plist */,
			);
			path = SlideMenu;
			sourceTree = "<group>";
		};
/* End PBXGroup section */

/* Begin PBXNativeTarget section */
		62F91438207DF18700260EED /* SlideMenu */ = {
			isa = PBXNativeTarget;
			buildConfigurationList = 62F9144B207DF18800260EED /* Build configuration list for PBXNativeTarget "SlideMenu" */;
			buildPhases = (
				62F91435207DF18700260EED /* Sources */,
				62F91436207DF18700260EED /* Frameworks */,
				62F91437207DF18700260EED /* Resources */,
			);
			buildRules = (
			);
			dependencies = (
			);
			name = SlideMenu;
			productName = SlideMenu;
			productReference = 62F91439207DF18700260EED /* SlideMenu.app */;
			productType = "com.apple.product-type.application";
		};
/* End PBXNativeTarget section */

/* Begin PBXProject section */
		62F91431207DF18700260EED /* Project object */ = {
			isa = PBXProject;
			attributes = {
				LastSwiftUpdateCheck = 0930;
				LastUpgradeCheck = 0930;
				ORGANIZATIONNAME = "Tran Vu Hung";
				TargetAttributes = {
					62F91438207DF18700260EED = {
						CreatedOnToolsVersion = 9.3;
					};
				};
			};
			buildConfigurationList = 62F91434207DF18700260EED /* Build configuration list for PBXProject "SlideMenu" */;
			compatibilityVersion = "Xcode 9.3";
			developmentRegion = en;
			hasScannedForEncodings = 0;
			knownRegions = (
				en,
				Base,
			);
			mainGroup = 62F91430207DF18700260EED;
			productRefGroup = 62F9143A207DF18700260EED /* Products */;
			projectDirPath = "";
			projectRoot = "";
			targets = (
				62F91438207DF18700260EED /* SlideMenu */,
			);
		};
/* End PBXProject section */

/* Begin PBXResourcesBuildPhase section */
		62F91437207DF18700260EED /* Resources */ = {
			isa = PBXResourcesBuildPhase;
			buildActionMask = 2147483647;
			files = (
				62F91447207DF18800260EED /* LaunchScreen.storyboard in Resources */,
				62F91444207DF18800260EED /* Assets.xcassets in Resources */,
				62F91442207DF18700260EED /* Main.storyboard in Resources */,
			);
			runOnlyForDeploymentPostprocessing = 0;
		};
/* End PBXResourcesBuildPhase section */

/* Begin PBXSourcesBuildPhase section */
		62F91435207DF18700260EED /* Sources */ = {
			isa = PBXSourcesBuildPhase;
			buildActionMask = 2147483647;
			files = (
				628D8BAA20804EEA00ABB8BD /* UIViewExt.swift in Sources */,
				6248E1E7207F004300EC852F /* Protocols.swift in Sources */,
				62F9143F207DF18700260EED /* ContainerVC.swift in Sources */,
				62F9143D207DF18700260EED /* AppDelegate.swift in Sources */,
				6248E1E3207EFC0A00EC852F /* LeftMenuViewController.swift in Sources */,
				6248E1E5207EFC2300EC852F /* HomeViewController.swift in Sources */,
			);
			runOnlyForDeploymentPostprocessing = 0;
		};
/* End PBXSourcesBuildPhase section */

/* Begin PBXVariantGroup section */
		62F91440207DF18700260EED /* Main.storyboard */ = {
			isa = PBXVariantGroup;
			children = (
				62F91441207DF18700260EED /* Base */,
			);
			name = Main.storyboard;
			sourceTree = "<group>";
		};
		62F91445207DF18800260EED /* LaunchScreen.storyboard */ = {
			isa = PBXVariantGroup;
			children = (
				62F91446207DF18800260EED /* Base */,
			);
			name = LaunchScreen.storyboard;
			sourceTree = "<group>";
		};
/* End PBXVariantGroup section */

/* Begin XCBuildConfiguration section */
		62F91449207DF18800260EED /* Debug */ = {
			isa = XCBuildConfiguration;
			buildSettings = {
				ALWAYS_SEARCH_USER_PATHS = NO;
				CLANG_ANALYZER_NONNULL = YES;
				CLANG_ANALYZER_NUMBER_OBJECT_CONVERSION = YES_AGGRESSIVE;
				CLANG_CXX_LANGUAGE_STANDARD = "gnu++14";
				CLANG_CXX_LIBRARY = "libc++";
				CLANG_ENABLE_MODULES = YES;
				CLANG_ENABLE_OBJC_ARC = YES;
				CLANG_ENABLE_OBJC_WEAK = YES;
				CLANG_WARN_BLOCK_CAPTURE_AUTORELEASING = YES;
				CLANG_WARN_BOOL_CONVERSION = YES;
				CLANG_WARN_COMMA = YES;
				CLANG_WARN_CONSTANT_CONVERSION = YES;
				CLANG_WARN_DEPRECATED_OBJC_IMPLEMENTATIONS = YES;
				CLANG_WARN_DIRECT_OBJC_ISA_USAGE = YES_ERROR;
				CLANG_WARN_DOCUMENTATION_COMMENTS = YES;
				CLANG_WARN_EMPTY_BODY = YES;
				CLANG_WARN_ENUM_CONVERSION = YES;
				CLANG_WARN_INFINITE_RECURSION = YES;
				CLANG_WARN_INT_CONVERSION = YES;
				CLANG_WARN_NON_LITERAL_NULL_CONVERSION = YES;
				CLANG_WARN_OBJC_IMPLICIT_RETAIN_SELF = YES;
				CLANG_WARN_OBJC_LITERAL_CONVERSION = YES;
				CLANG_WARN_OBJC_ROOT_CLASS = YES_ERROR;
				CLANG_WARN_RANGE_LOOP_ANALYSIS = YES;
				CLANG_WARN_STRICT_PROTOTYPES = YES;
				CLANG_WARN_SUSPICIOUS_MOVE = YES;
				CLANG_WARN_UNGUARDED_AVAILABILITY = YES_AGGRESSIVE;
				CLANG_WARN_UNREACHABLE_CODE = YES;
				CLANG_WARN__DUPLICATE_METHOD_MATCH = YES;
				CODE_SIGN_IDENTITY = "iPhone Developer";
				COPY_PHASE_STRIP = NO;
				DEBUG_INFORMATION_FORMAT = dwarf;
				ENABLE_STRICT_OBJC_MSGSEND = YES;
				ENABLE_TESTABILITY = YES;
				GCC_C_LANGUAGE_STANDARD = gnu11;
				GCC_DYNAMIC_NO_PIC = NO;
				GCC_NO_COMMON_BLOCKS = YES;
				GCC_OPTIMIZATION_LEVEL = 0;
				GCC_PREPROCESSOR_DEFINITIONS = (
					"DEBUG=1",
					"$(inherited)",
				);
				GCC_WARN_64_TO_32_BIT_CONVERSION = YES;
				GCC_WARN_ABOUT_RETURN_TYPE = YES_ERROR;
				GCC_WARN_UNDECLARED_SELECTOR = YES;
				GCC_WARN_UNINITIALIZED_AUTOS = YES_AGGRESSIVE;
				GCC_WARN_UNUSED_FUNCTION = YES;
				GCC_WARN_UNUSED_VARIABLE = YES;
				IPHONEOS_DEPLOYMENT_TARGET = 11.3;
				MTL_ENABLE_DEBUG_INFO = YES;
				ONLY_ACTIVE_ARCH = YES;
				SDKROOT = iphoneos;
				SWIFT_ACTIVE_COMPILATION_CONDITIONS = DEBUG;
				SWIFT_OPTIMIZATION_LEVEL = "-Onone";
			};
			name = Debug;
		};
		62F9144A207DF18800260EED /* Release */ = {
			isa = XCBuildConfiguration;
			buildSettings = {
				ALWAYS_SEARCH_USER_PATHS = NO;
				CLANG_ANALYZER_NONNULL = YES;
				CLANG_ANALYZER_NUMBER_OBJECT_CONVERSION = YES_AGGRESSIVE;
				CLANG_CXX_LANGUAGE_STANDARD = "gnu++14";
				CLANG_CXX_LIBRARY = "libc++";
				CLANG_ENABLE_MODULES = YES;
				CLANG_ENABLE_OBJC_ARC = YES;
				CLANG_ENABLE_OBJC_WEAK = YES;
				CLANG_WARN_BLOCK_CAPTURE_AUTORELEASING = YES;
				CLANG_WARN_BOOL_CONVERSION = YES;
				CLANG_WARN_COMMA = YES;
				CLANG_WARN_CONSTANT_CONVERSION = YES;
				CLANG_WARN_DEPRECATED_OBJC_IMPLEMENTATIONS = YES;
				CLANG_WARN_DIRECT_OBJC_ISA_USAGE = YES_ERROR;
				CLANG_WARN_DOCUMENTATION_COMMENTS = YES;
				CLANG_WARN_EMPTY_BODY = YES;
				CLANG_WARN_ENUM_CONVERSION = YES;
				CLANG_WARN_INFINITE_RECURSION = YES;
				CLANG_WARN_INT_CONVERSION = YES;
				CLANG_WARN_NON_LITERAL_NULL_CONVERSION = YES;
				CLANG_WARN_OBJC_IMPLICIT_RETAIN_SELF = YES;
				CLANG_WARN_OBJC_LITERAL_CONVERSION = YES;
				CLANG_WARN_OBJC_ROOT_CLASS = YES_ERROR;
				CLANG_WARN_RANGE_LOOP_ANALYSIS = YES;
				CLANG_WARN_STRICT_PROTOTYPES = YES;
				CLANG_WARN_SUSPICIOUS_MOVE = YES;
				CLANG_WARN_UNGUARDED_AVAILABILITY = YES_AGGRESSIVE;
				CLANG_WARN_UNREACHABLE_CODE = YES;
				CLANG_WARN__DUPLICATE_METHOD_MATCH = YES;
				CODE_SIGN_IDENTITY = "iPhone Developer";
				COPY_PHASE_STRIP = NO;
				DEBUG_INFORMATION_FORMAT = "dwarf-with-dsym";
				ENABLE_NS_ASSERTIONS = NO;
				ENABLE_STRICT_OBJC_MSGSEND = YES;
				GCC_C_LANGUAGE_STANDARD = gnu11;
				GCC_NO_COMMON_BLOCKS = YES;
				GCC_WARN_64_TO_32_BIT_CONVERSION = YES;
				GCC_WARN_ABOUT_RETURN_TYPE = YES_ERROR;
				GCC_WARN_UNDECLARED_SELECTOR = YES;
				GCC_WARN_UNINITIALIZED_AUTOS = YES_AGGRESSIVE;
				GCC_WARN_UNUSED_FUNCTION = YES;
				GCC_WARN_UNUSED_VARIABLE = YES;
				IPHONEOS_DEPLOYMENT_TARGET = 11.3;
				MTL_ENABLE_DEBUG_INFO = NO;
				SDKROOT = iphoneos;
				SWIFT_COMPILATION_MODE = wholemodule;
				SWIFT_OPTIMIZATION_LEVEL = "-O";
				VALIDATE_PRODUCT = YES;
			};
			name = Release;
		};
		62F9144C207DF18800260EED /* Debug */ = {
			isa = XCBuildConfiguration;
			buildSettings = {
				ASSETCATALOG_COMPILER_APPICON_NAME = AppIcon;
				CODE_SIGN_STYLE = Automatic;
				DEVELOPMENT_TEAM = 9A3WJ4UXW8;
				INFOPLIST_FILE = SlideMenu/Info.plist;
				LD_RUNPATH_SEARCH_PATHS = (
					"$(inherited)",
					"@executable_path/Frameworks",
				);
				PRODUCT_BUNDLE_IDENTIFIER = com.tranvuhung.SlideMenu;
				PRODUCT_NAME = "$(TARGET_NAME)";
				SWIFT_VERSION = 4.0;
				TARGETED_DEVICE_FAMILY = "1,2";
			};
			name = Debug;
		};
		62F9144D207DF18800260EED /* Release */ = {
			isa = XCBuildConfiguration;
			buildSettings = {
				ASSETCATALOG_COMPILER_APPICON_NAME = AppIcon;
				CODE_SIGN_STYLE = Automatic;
				DEVELOPMENT_TEAM = 9A3WJ4UXW8;
				INFOPLIST_FILE = SlideMenu/Info.plist;
				LD_RUNPATH_SEARCH_PATHS = (
					"$(inherited)",
					"@executable_path/Frameworks",
				);
				PRODUCT_BUNDLE_IDENTIFIER = com.tranvuhung.SlideMenu;
				PRODUCT_NAME = "$(TARGET_NAME)";
				SWIFT_VERSION = 4.0;
				TARGETED_DEVICE_FAMILY = "1,2";
			};
			name = Release;
		};
/* End XCBuildConfiguration section */

/* Begin XCConfigurationList section */
		62F91434207DF18700260EED /* Build configuration list for PBXProject "SlideMenu" */ = {
			isa = XCConfigurationList;
			buildConfigurations = (
				62F91449207DF18800260EED /* Debug */,
				62F9144A207DF18800260EED /* Release */,
			);
			defaultConfigurationIsVisible = 0;
			defaultConfigurationName = Release;
		};
		62F9144B207DF18800260EED /* Build configuration list for PBXNativeTarget "SlideMenu" */ = {
			isa = XCConfigurationList;
			buildConfigurations = (
				62F9144C207DF18800260EED /* Debug */,
				62F9144D207DF18800260EED /* Release */,
			);
			defaultConfigurationIsVisible = 0;
			defaultConfigurationName = Release;
		};
/* End XCConfigurationList section */
	};
	rootObject = 62F91431207DF18700260EED /* Project object */;
}
